{
  "name": "clarisa-rojas-fotografia-admin",
  "lockfileVersion": 3,
  "requires": true,
  "packages": {
    "": {
      "name": "clarisa-rojas-fotografia-admin",
      "devDependencies": {
        "@electric-sql/pglite": "0.3.14",
        "playwright-core": "1.55.0"
      }
    },
    "node_modules/@electric-sql/pglite": {
      "version": "0.3.14",
      "resolved": "https://registry.npmjs.org/@electric-sql/pglite/-/pglite-0.3.14.tgz",
      "integrity": "sha512-3DB258dhqdsArOI1fIt7cb9RpUOgcDg5hXWVgVHAeqVQ/qxtFy605QKs4gx6mFq3jWsSPqDN8TgSEsqC3OfV9Q==",
      "dev": true,
      "license": "Apache-2.0"
    },
    "node_modules/playwright-core": {
      "version": "1.55.0",
      "resolved": "https://registry.npmjs.org/playwright-core/-/playwright-core-1.55.0.tgz",
      "integrity": "sha512-GvZs4vU3U5ro2nZpeiwyb0zuFaqb9sUiAJuyrWpcGouD8y9/HLgGbNRjIph7zU9D3hnPaisMl9zG9CgFi/biIg==",
      "dev": true,
      "license": "Apache-2.0",
      "bin": {
        "playwright-core": "cli.js"
      },
      "engines": {
        "node": ">=18"
      }
    }
  }
}
